Microsoft Visual Studio Solution File, Format Version 12.00
# Visual Studio Version 17
VisualStudioVersion = 17.5.2.0
MinimumVisualStudioVersion = 10.0.40219.1
Project("{FAE04EC0-301F-11D3-BF4B-00C04F79EFBC}") = "CartoLogger.Domain", "CartoLogger.Domain\CartoLogger.Domain.csproj", "{77BB0C6A-D914-DA7A-1360-9BCDF1753CBC}"
EndProject
Project("{FAE04EC0-301F-11D3-BF4B-00C04F79EFBC}") = "CartoLogger.WebApi", "CartoLogger.WebApi\CartoLogger.WebApi.csproj", "{D4537345-D4B6-7F17-5BB4-A569D7C620CD}"
EndProject
Project("{FAE04EC0-301F-11D3-BF4B-00C04F79EFBC}") = "CartoLogger.Persistence", "CartoLogger.Persistence\CartoLogger.Persistence.csproj", "{7D674FBE-FB2B-FA1B-5435-6EFE7EC2939C}"
EndProject
Global
	GlobalSection(SolutionConfigurationPlatforms) = preSolution
		Debug|Any CPU = Debug|Any CPU
		Release|Any CPU = Release|Any CPU
	EndGlobalSection
	GlobalSection(ProjectConfigurationPlatforms) = postSolution
		{77BB0C6A-D914-DA7A-1360-9BCDF1753CBC}.Debug|Any CPU.ActiveCfg = Debug|Any CPU
		{77BB0C6A-D914-DA7A-1360-9BCDF1753CBC}.Debug|Any CPU.Build.0 = Debug|Any CPU
		{77BB0C6A-D914-DA7A-1360-9BCDF1753CBC}.Release|Any CPU.ActiveCfg = Release|Any CPU
		{77BB0C6A-D914-DA7A-1360-9BCDF1753CBC}.Release|Any CPU.Build.0 = Release|Any CPU
		{D4537345-D4B6-7F17-5BB4-A569D7C620CD}.Debug|Any CPU.ActiveCfg = Debug|Any CPU
		{D4537345-D4B6-7F17-5BB4-A569D7C620CD}.Debug|Any CPU.Build.0 = Debug|Any CPU
		{D4537345-D4B6-7F17-5BB4-A569D7C620CD}.Release|Any CPU.ActiveCfg = Release|Any CPU
		{D4537345-D4B6-7F17-5BB4-A569D7C620CD}.Release|Any CPU.Build.0 = Release|Any CPU
		{7D674FBE-FB2B-FA1B-5435-6EFE7EC2939C}.Debug|Any CPU.ActiveCfg = Debug|Any CPU
		{7D674FBE-FB2B-FA1B-5435-6EFE7EC2939C}.Debug|Any CPU.Build.0 = Debug|Any CPU
		{7D674FBE-FB2B-FA1B-5435-6EFE7EC2939C}.Release|Any CPU.ActiveCfg = Release|Any CPU
		{7D674FBE-FB2B-FA1B-5435-6EFE7EC2939C}.Release|Any CPU.Build.0 = Release|Any CPU
	EndGlobalSection
	GlobalSection(SolutionProperties) = preSolution
		HideSolutionNode = FALSE
	EndGlobalSection
	GlobalSection(ExtensibilityGlobals) = postSolution
		SolutionGuid = {46FFF901-6612-4BF7-86BD-81BEE929EA03}
	EndGlobalSection
EndGlobal
